
Microsoft Visual Studio Solution File, Format Version 12.00
# Visual Studio 15
VisualStudioVersion = 15.0.28307.102
MinimumVisualStudioVersion = 10.0.40219.1
Project("{FAE04EC0-301F-11D3-BF4B-00C04F79EFBC}") = "PGPFileTool", "PGPFileTool\PGPFileTool.csproj", "{6CB08690-E559-4033-B0B9-78838B1F7BBB}"
EndProject
Project("{FAE04EC0-301F-11D3-BF4B-00C04F79EFBC}") = "NewUI", "NewUI\NewUI.csproj", "{7882CD5E-68A4-4137-9C33-FAB9338EF75B}"
EndProject
Project("{FAE04EC0-301F-11D3-BF4B-00C04F79EFBC}") = "OldUI", "OldUI\OldUI.csproj", "{F234F074-16D3-47B9-A4C4-C632E9685CD6}"
EndProject
Global
	GlobalSection(SolutionConfigurationPlatforms) = preSolution
		Debug|Any CPU = Debug|Any CPU
		Release|Any CPU = Release|Any CPU
	EndGlobalSection
	GlobalSection(ProjectConfigurationPlatforms) = postSolution
		{6CB08690-E559-4033-B0B9-78838B1F7BBB}.Debug|Any CPU.ActiveCfg = Debug|Any CPU
		{6CB08690-E559-4033-B0B9-78838B1F7BBB}.Debug|Any CPU.Build.0 = Debug|Any CPU
		{6CB08690-E559-4033-B0B9-78838B1F7BBB}.Release|Any CPU.ActiveCfg = Release|Any CPU
		{6CB08690-E559-4033-B0B9-78838B1F7BBB}.Release|Any CPU.Build.0 = Release|Any CPU
		{7882CD5E-68A4-4137-9C33-FAB9338EF75B}.Debug|Any CPU.ActiveCfg = Debug|Any CPU
		{7882CD5E-68A4-4137-9C33-FAB9338EF75B}.Debug|Any CPU.Build.0 = Debug|Any CPU
		{7882CD5E-68A4-4137-9C33-FAB9338EF75B}.Release|Any CPU.ActiveCfg = Release|Any CPU
		{7882CD5E-68A4-4137-9C33-FAB9338EF75B}.Release|Any CPU.Build.0 = Release|Any CPU
		{F234F074-16D3-47B9-A4C4-C632E9685CD6}.Debug|Any CPU.ActiveCfg = Debug|Any CPU
		{F234F074-16D3-47B9-A4C4-C632E9685CD6}.Debug|Any CPU.Build.0 = Debug|Any CPU
		{F234F074-16D3-47B9-A4C4-C632E9685CD6}.Release|Any CPU.ActiveCfg = Release|Any CPU
		{F234F074-16D3-47B9-A4C4-C632E9685CD6}.Release|Any CPU.Build.0 = Release|Any CPU
	EndGlobalSection
	GlobalSection(SolutionProperties) = preSolution
		HideSolutionNode = FALSE
	EndGlobalSection
	GlobalSection(ExtensibilityGlobals) = postSolution
		SolutionGuid = {439B3AAA-385A-43EC-A0FE-8205F394E011}
	EndGlobalSection
EndGlobal
